// !$*UTF8*$!
{
	archiveVersion = 1;
	classes = {
	};
	objectVersion = 46;
	objects = {

/* Begin PBXBuildFile section */
		6C9A452018BF5CF10014F041 /* Foundation.framework in Frameworks */ = {isa = PBXBuildFile; fileRef = 6C9A451F18BF5CF10014F041 /* Foundation.framework */; };
		6C9A452518BF5CF10014F041 /* QVLocalization.h in CopyFiles */ = {isa = PBXBuildFile; fileRef = 6C9A452418BF5CF10014F041 /* QVLocalization.h */; };
		6C9A452718BF5CF10014F041 /* QVLocalization.m in Sources */ = {isa = PBXBuildFile; fileRef = 6C9A452618BF5CF10014F041 /* QVLocalization.m */; };
		6C9A452F18BF5CF10014F041 /* Foundation.framework in Frameworks */ = {isa = PBXBuildFile; fileRef = 6C9A451F18BF5CF10014F041 /* Foundation.framework */; };
		6C9A453118BF5CF10014F041 /* UIKit.framework in Frameworks */ = {isa = PBXBuildFile; fileRef = 6C9A453018BF5CF10014F041 /* UIKit.framework */; };
		6C9A453418BF5CF10014F041 /* libQVLocalization.a in Frameworks */ = {isa = PBXBuildFile; fileRef = 6C9A451C18BF5CF10014F041 /* libQVLocalization.a */; };
/* End PBXBuildFile section */

/* Begin PBXContainerItemProxy section */
		6C9A453218BF5CF10014F041 /* PBXContainerItemProxy */ = {
			isa = PBXContainerItemProxy;
			containerPortal = 6C9A451418BF5CF10014F041 /* Project object */;
			proxyType = 1;
			remoteGlobalIDString = 6C9A451B18BF5CF10014F041;
			remoteInfo = QVLocalization;
		};
/* End PBXContainerItemProxy section */

/* Begin PBXCopyFilesBuildPhase section */
		6C9A451A18BF5CF10014F041 /* CopyFiles */ = {
			isa = PBXCopyFilesBuildPhase;
			buildActionMask = 2147483647;
			dstPath = "include/$(PRODUCT_NAME)";
			dstSubfolderSpec = 16;
			files = (
				6C9A452518BF5CF10014F041 /* QVLocalization.h in CopyFiles */,
			);
			runOnlyForDeploymentPostprocessing = 0;
		};
/* End PBXCopyFilesBuildPhase section */

/* Begin PBXFileReference section */
		6C9A451C18BF5CF10014F041 /* libQVLocalization.a */ = {isa = PBXFileReference; explicitFileType = archive.ar; includeInIndex = 0; path = libQVLocalization.a; sourceTree = BUILT_PRODUCTS_DIR; };
		6C9A451F18BF5CF10014F041 /* Foundation.framework */ = {isa = PBXFileReference; lastKnownFileType = wrapper.framework; name = Foundation.framework; path = System/Library/Frameworks/Foundation.framework; sourceTree = SDKROOT; };
		6C9A452318BF5CF10014F041 /* QVLocalization-Prefix.pch */ = {isa = PBXFileReference; lastKnownFileType = sourcecode.c.h; path = "QVLocalization-Prefix.pch"; sourceTree = "<group>"; };
		6C9A452418BF5CF10014F041 /* QVLocalization.h */ = {isa = PBXFileReference; lastKnownFileType = sourcecode.c.h; path = QVLocalization.h; sourceTree = "<group>"; };
		6C9A452618BF5CF10014F041 /* QVLocalization.m */ = {isa = PBXFileReference; lastKnownFileType = sourcecode.c.objc; path = QVLocalization.m; sourceTree = "<group>"; };
		6C9A452C18BF5CF10014F041 /* QVLocalizationTests.xctest */ = {isa = PBXFileReference; explicitFileType = wrapper.cfbundle; includeInIndex = 0; path = QVLocalizationTests.xctest; sourceTree = BUILT_PRODUCTS_DIR; };
		6C9A453018BF5CF10014F041 /* UIKit.framework */ = {isa = PBXFileReference; lastKnownFileType = wrapper.framework; name = UIKit.framework; path = Library/Frameworks/UIKit.framework; sourceTree = DEVELOPER_DIR; };
/* End PBXFileReference section */

/* Begin PBXFrameworksBuildPhase section */
		6C9A451918BF5CF10014F041 /* Frameworks */ = {
			isa = PBXFrameworksBuildPhase;
			buildActionMask = 2147483647;
			files = (
				6C9A452018BF5CF10014F041 /* Foundation.framework in Frameworks */,
			);
			runOnlyForDeploymentPostprocessing = 0;
		};
		6C9A452918BF5CF10014F041 /* Frameworks */ = {
			isa = PBXFrameworksBuildPhase;
			buildActionMask = 2147483647;
			files = (
				6C9A453418BF5CF10014F041 /* libQVLocalization.a in Frameworks */,
				6C9A453118BF5CF10014F041 /* UIKit.framework in Frameworks */,
				6C9A452F18BF5CF10014F041 /* Foundation.framework in Frameworks */,
			);
			runOnlyForDeploymentPostprocessing = 0;
		};
/* End PBXFrameworksBuildPhase section */

/* Begin PBXGroup section */
		6C9A451318BF5CF10014F041 = {
			isa = PBXGroup;
			children = (
				6C9A452118BF5CF10014F041 /* QVLocalization */,
				6C9A451E18BF5CF10014F041 /* Frameworks */,
				6C9A451D18BF5CF10014F041 /* Products */,
			);
			sourceTree = "<group>";
		};
		6C9A451D18BF5CF10014F041 /* Products */ = {
			isa = PBXGroup;
			children = (
				6C9A451C18BF5CF10014F041 /* libQVLocalization.a */,
				6C9A452C18BF5CF10014F041 /* QVLocalizationTests.xctest */,
			);
			name = Products;
			sourceTree = "<group>";
		};
		6C9A451E18BF5CF10014F041 /* Frameworks */ = {
			isa = PBXGroup;
			children = (
				6C9A451F18BF5CF10014F041 /* Foundation.framework */,
				6C9A453018BF5CF10014F041 /* UIKit.framework */,
			);
			name = Frameworks;
			sourceTree = "<group>";
		};
		6C9A452118BF5CF10014F041 /* QVLocalization */ = {
			isa = PBXGroup;
			children = (
				6C9A452418BF5CF10014F041 /* QVLocalization.h */,
				6C9A452618BF5CF10014F041 /* QVLocalization.m */,
				6C9A452218BF5CF10014F041 /* Supporting Files */,
			);
			path = QVLocalization;
			sourceTree = "<group>";
		};
		6C9A452218BF5CF10014F041 /* Supporting Files */ = {
			isa = PBXGroup;
			children = (
				6C9A452318BF5CF10014F041 /* QVLocalization-Prefix.pch */,
			);
			name = "Supporting Files";
			sourceTree = "<group>";
		};
/* End PBXGroup section */

/* Begin PBXNativeTarget section */
		6C9A451B18BF5CF10014F041 /* QVLocalization */ = {
			isa = PBXNativeTarget;
			buildConfigurationList = 6C9A453F18BF5CF10014F041 /* Build configuration list for PBXNativeTarget "QVLocalization" */;
			buildPhases = (
				6C9A451818BF5CF10014F041 /* Sources */,
				6C9A451918BF5CF10014F041 /* Frameworks */,
				6C9A451A18BF5CF10014F041 /* CopyFiles */,
			);
			buildRules = (
			);
			dependencies = (
			);
			name = QVLocalization;
			productName = QVLocalization;
			productReference = 6C9A451C18BF5CF10014F041 /* libQVLocalization.a */;
			productType = "com.apple.product-type.library.static";
		};
		6C9A452B18BF5CF10014F041 /* QVLocalizationTests */ = {
			isa = PBXNativeTarget;
			buildConfigurationList = 6C9A454218BF5CF10014F041 /* Build configuration list for PBXNativeTarget "QVLocalizationTests" */;
			buildPhases = (
				6C9A452818BF5CF10014F041 /* Sources */,
				6C9A452918BF5CF10014F041 /* Frameworks */,
				6C9A452A18BF5CF10014F041 /* Resources */,
			);
			buildRules = (
			);
			dependencies = (
				6C9A453318BF5CF10014F041 /* PBXTargetDependency */,
			);
			name = QVLocalizationTests;
			productName = QVLocalizationTests;
			productReference = 6C9A452C18BF5CF10014F041 /* QVLocalizationTests.xctest */;
			productType = "com.apple.product-type.bundle.unit-test";
		};
/* End PBXNativeTarget section */

/* Begin PBXProject section */
		6C9A451418BF5CF10014F041 /* Project object */ = {
			isa = PBXProject;
			attributes = {
				LastUpgradeCheck = 0500;
				ORGANIZATIONNAME = qlovr;
			};
			buildConfigurationList = 6C9A451718BF5CF10014F041 /* Build configuration list for PBXProject "QVLocalization" */;
			compatibilityVersion = "Xcode 3.2";
			developmentRegion = English;
			hasScannedForEncodings = 0;
			knownRegions = (
				en,
			);
			mainGroup = 6C9A451318BF5CF10014F041;
			productRefGroup = 6C9A451D18BF5CF10014F041 /* Products */;
			projectDirPath = "";
			projectRoot = "";
			targets = (
				6C9A451B18BF5CF10014F041 /* QVLocalization */,
				6C9A452B18BF5CF10014F041 /* QVLocalizationTests */,
			);
		};
/* End PBXProject section */

/* Begin PBXResourcesBuildPhase section */
		6C9A452A18BF5CF10014F041 /* Resources */ = {
			isa = PBXResourcesBuildPhase;
			buildActionMask = 2147483647;
			files = (
			);
			runOnlyForDeploymentPostprocessing = 0;
		};
/* End PBXResourcesBuildPhase section */

/* Begin PBXSourcesBuildPhase section */
		6C9A451818BF5CF10014F041 /* Sources */ = {
			isa = PBXSourcesBuildPhase;
			buildActionMask = 2147483647;
			files = (
				6C9A452718BF5CF10014F041 /* QVLocalization.m in Sources */,
			);
			runOnlyForDeploymentPostprocessing = 0;
		};
		6C9A452818BF5CF10014F041 /* Sources */ = {
			isa = PBXSourcesBuildPhase;
			buildActionMask = 2147483647;
			files = (
			);
			runOnlyForDeploymentPostprocessing = 0;
		};
/* End PBXSourcesBuildPhase section */

/* Begin PBXTargetDependency section */
		6C9A453318BF5CF10014F041 /* PBXTargetDependency */ = {
			isa = PBXTargetDependency;
			target = 6C9A451B18BF5CF10014F041 /* QVLocalization */;
			targetProxy = 6C9A453218BF5CF10014F041 /* PBXContainerItemProxy */;
		};
/* End PBXTargetDependency section */

/* Begin XCBuildConfiguration section */
		6C9A453D18BF5CF10014F041 /* Debug */ = {
			isa = XCBuildConfiguration;
			buildSettings = {
				ALWAYS_SEARCH_USER_PATHS = NO;
				ARCHS = "$(ARCHS_STANDARD_INCLUDING_64_BIT)";
				CLANG_CXX_LANGUAGE_STANDARD = "gnu++0x";
				CLANG_CXX_LIBRARY = "libc++";
				CLANG_ENABLE_MODULES = YES;
				CLANG_ENABLE_OBJC_ARC = YES;
				CLANG_WARN_BOOL_CONVERSION = YES;
				CLANG_WARN_CONSTANT_CONVERSION = YES;
				CLANG_WARN_DIRECT_OBJC_ISA_USAGE = YES_ERROR;
				CLANG_WARN_EMPTY_BODY = YES;
				CLANG_WARN_ENUM_CONVERSION = YES;
				CLANG_WARN_INT_CONVERSION = YES;
				CLANG_WARN_OBJC_ROOT_CLASS = YES_ERROR;
				CLANG_WARN__DUPLICATE_METHOD_MATCH = YES;
				COPY_PHASE_STRIP = NO;
				GCC_C_LANGUAGE_STANDARD = gnu99;
				GCC_DYNAMIC_NO_PIC = NO;
				GCC_OPTIMIZATION_LEVEL = 0;
				GCC_PREPROCESSOR_DEFINITIONS = (
					"DEBUG=1",
					"$(inherited)",
				);
				GCC_SYMBOLS_PRIVATE_EXTERN = NO;
				GCC_WARN_64_TO_32_BIT_CONVERSION = YES;
				GCC_WARN_ABOUT_RETURN_TYPE = YES_ERROR;
				GCC_WARN_UNDECLARED_SELECTOR = YES;
				GCC_WARN_UNINITIALIZED_AUTOS = YES;
				GCC_WARN_UNUSED_FUNCTION = YES;
				GCC_WARN_UNUSED_VARIABLE = YES;
				IPHONEOS_DEPLOYMENT_TARGET = 6.0;
				ONLY_ACTIVE_ARCH = YES;
				SDKROOT = iphoneos;
			};
			name = Debug;
		};
		6C9A453E18BF5CF10014F041 /* Release */ = {
			isa = XCBuildConfiguration;
			buildSettings = {
				ALWAYS_SEARCH_USER_PATHS = NO;
				ARCHS = "$(ARCHS_STANDARD_INCLUDING_64_BIT)";
				CLANG_CXX_LANGUAGE_STANDARD = "gnu++0x";
				CLANG_CXX_LIBRARY = "libc++";
				CLANG_ENABLE_MODULES = YES;
				CLANG_ENABLE_OBJC_ARC = YES;
				CLANG_WARN_BOOL_CONVERSION = YES;
				CLANG_WARN_CONSTANT_CONVERSION = YES;
				CLANG_WARN_DIRECT_OBJC_ISA_USAGE = YES_ERROR;
				CLANG_WARN_EMPTY_BODY = YES;
				CLANG_WARN_ENUM_CONVERSION = YES;
				CLANG_WARN_INT_CONVERSION = YES;
				CLANG_WARN_OBJC_ROOT_CLASS = YES_ERROR;
				CLANG_WARN__DUPLICATE_METHOD_MATCH = YES;
				COPY_PHASE_STRIP = YES;
				ENABLE_NS_ASSERTIONS = NO;
				GCC_C_LANGUAGE_STANDARD = gnu99;
				GCC_WARN_64_TO_32_BIT_CONVERSION = YES;
				GCC_WARN_ABOUT_RETURN_TYPE = YES_ERROR;
				GCC_WARN_UNDECLARED_SELECTOR = YES;
				GCC_WARN_UNINITIALIZED_AUTOS = YES;
				GCC_WARN_UNUSED_FUNCTION = YES;
				GCC_WARN_UNUSED_VARIABLE = YES;
				IPHONEOS_DEPLOYMENT_TARGET = 6.0;
				SDKROOT = iphoneos;
				VALIDATE_PRODUCT = YES;
			};
			name = Release;
		};
		6C9A454018BF5CF10014F041 /* Debug */ = {
			isa = XCBuildConfiguration;
			buildSettings = {
				DSTROOT = /tmp/QVLocalization.dst;
				GCC_PRECOMPILE_PREFIX_HEADER = YES;
				GCC_PREFIX_HEADER = "QVLocalization/QVLocalization-Prefix.pch";
				OTHER_LDFLAGS = "-ObjC";
				PRODUCT_NAME = "$(TARGET_NAME)";
				SKIP_INSTALL = YES;
			};
			name = Debug;
		};
		6C9A454118BF5CF10014F041 /* Release */ = {
			isa = XCBuildConfiguration;
			buildSettings = {
				DSTROOT = /tmp/QVLocalization.dst;
				GCC_PRECOMPILE_PREFIX_HEADER = YES;
				GCC_PREFIX_HEADER = "QVLocalization/QVLocalization-Prefix.pch";
				OTHER_LDFLAGS = "-ObjC";
				PRODUCT_NAME = "$(TARGET_NAME)";
				SKIP_INSTALL = YES;
			};
			name = Release;
		};
		6C9A454318BF5CF10014F041 /* Debug */ = {
			isa = XCBuildConfiguration;
			buildSettings = {
				ARCHS = "$(ARCHS_STANDARD_INCLUDING_64_BIT)";
				FRAMEWORK_SEARCH_PATHS = (
					"$(SDKROOT)/Developer/Library/Frameworks",
					"$(inherited)",
					"$(DEVELOPER_FRAMEWORKS_DIR)",
				);
				GCC_PRECOMPILE_PREFIX_HEADER = YES;
				GCC_PREFIX_HEADER = "QVLocalization/QVLocalization-Prefix.pch";
				GCC_PREPROCESSOR_DEFINITIONS = (
					"DEBUG=1",
					"$(inherited)",
				);
				INFOPLIST_FILE = "QVLocalizationTests/QVLocalizationTests-Info.plist";
				PRODUCT_NAME = "$(TARGET_NAME)";
				WRAPPER_EXTENSION = xctest;
			};
			name = Debug;
		};
		6C9A454418BF5CF10014F041 /* Release */ = {
			isa = XCBuildConfiguration;
			buildSettings = {
				ARCHS = "$(ARCHS_STANDARD_INCLUDING_64_BIT)";
				FRAMEWORK_SEARCH_PATHS = (
					"$(SDKROOT)/Developer/Library/Frameworks",
					"$(inherited)",
					"$(DEVELOPER_FRAMEWORKS_DIR)",
				);
				GCC_PRECOMPILE_PREFIX_HEADER = YES;
				GCC_PREFIX_HEADER = "QVLocalization/QVLocalization-Prefix.pch";
				INFOPLIST_FILE = "QVLocalizationTests/QVLocalizationTests-Info.plist";
				PRODUCT_NAME = "$(TARGET_NAME)";
				WRAPPER_EXTENSION = xctest;
			};
			name = Release;
		};
/* End XCBuildConfiguration section */

/* Begin XCConfigurationList section */
		6C9A451718BF5CF10014F041 /* Build configuration list for PBXProject "QVLocalization" */ = {
			isa = XCConfigurationList;
			buildConfigurations = (
				6C9A453D18BF5CF10014F041 /* Debug */,
				6C9A453E18BF5CF10014F041 /* Release */,
			);
			defaultConfigurationIsVisible = 0;
			defaultConfigurationName = Release;
		};
		6C9A453F18BF5CF10014F041 /* Build configuration list for PBXNativeTarget "QVLocalization" */ = {
			isa = XCConfigurationList;
			buildConfigurations = (
				6C9A454018BF5CF10014F041 /* Debug */,
				6C9A454118BF5CF10014F041 /* Release */,
			);
			defaultConfigurationIsVisible = 0;
			defaultConfigurationName = Release;
		};
		6C9A454218BF5CF10014F041 /* Build configuration list for PBXNativeTarget "QVLocalizationTests" */ = {
			isa = XCConfigurationList;
			buildConfigurations = (
				6C9A454318BF5CF10014F041 /* Debug */,
				6C9A454418BF5CF10014F041 /* Release */,
			);
			defaultConfigurationIsVisible = 0;
			defaultConfigurationName = Release;
		};
/* End XCConfigurationList section */
	};
	rootObject = 6C9A451418BF5CF10014F041 /* Project object */;
}
